{
  "pins" : [
    {
      "identity" : "blackbird",
      "kind" : "remoteSourceControl",
      "location" : "https://github.com/marcoarment/Blackbird",
      "state" : {
        "branch" : "main",
        "revision" : "01f1bda5cfec423fc190ffdb244b0e098897ab56"
      }
    }
  ],
  "version" : 2
}
